// !$*UTF8*$!
{
	archiveVersion = 1;
	classes = {
	};
	objectVersion = 56;
	objects = {

/* Begin PBXBuildFile section */
		9A0BD7F02CAA7E7C00CF76BF /* SwiftUIDemoApp.swift in Sources */ = {isa = PBXBuildFile; fileRef = 9A0BD7EF2CAA7E7C00CF76BF /* SwiftUIDemoApp.swift */; };
		9A0BD7F22CAA7E7C00CF76BF /* TestText.swift in Sources */ = {isa = PBXBuildFile; fileRef = 9A0BD7F12CAA7E7C00CF76BF /* TestText.swift */; };
		9A0BD7F42CAA7E7D00CF76BF /* Assets.xcassets in Resources */ = {isa = PBXBuildFile; fileRef = 9A0BD7F32CAA7E7D00CF76BF /* Assets.xcassets */; };
		9A0BD7F82CAA7E7D00CF76BF /* Preview Assets.xcassets in Resources */ = {isa = PBXBuildFile; fileRef = 9A0BD7F72CAA7E7D00CF76BF /* Preview Assets.xcassets */; };
		9A0BD8022CAA7E7D00CF76BF /* SwiftUIDemoTests.swift in Sources */ = {isa = PBXBuildFile; fileRef = 9A0BD8012CAA7E7D00CF76BF /* SwiftUIDemoTests.swift */; };
		9A0BD80C2CAA7E7D00CF76BF /* SwiftUIDemoUITests.swift in Sources */ = {isa = PBXBuildFile; fileRef = 9A0BD80B2CAA7E7D00CF76BF /* SwiftUIDemoUITests.swift */; };
		9A0BD80E2CAA7E7D00CF76BF /* SwiftUIDemoUITestsLaunchTests.swift in Sources */ = {isa = PBXBuildFile; fileRef = 9A0BD80D2CAA7E7D00CF76BF /* SwiftUIDemoUITestsLaunchTests.swift */; };
		9A0BD81B2CAA839900CF76BF /* TestShape.swift in Sources */ = {isa = PBXBuildFile; fileRef = 9A0BD81A2CAA839900CF76BF /* TestShape.swift */; };
		9A0BD81D2CAA903700CF76BF /* TestGradient.swift in Sources */ = {isa = PBXBuildFile; fileRef = 9A0BD81C2CAA903700CF76BF /* TestGradient.swift */; };
		9A0BD81F2CAA93D100CF76BF /* TestImage.swift in Sources */ = {isa = PBXBuildFile; fileRef = 9A0BD81E2CAA93D100CF76BF /* TestImage.swift */; };
		9A80C2242CB60B5800AEF3FC /* TestForEach.swift in Sources */ = {isa = PBXBuildFile; fileRef = 9A80C2232CB60B5800AEF3FC /* TestForEach.swift */; };
		9A80C2262CB612AE00AEF3FC /* TestScrollView.swift in Sources */ = {isa = PBXBuildFile; fileRef = 9A80C2252CB612AD00AEF3FC /* TestScrollView.swift */; };
		9A80C2282CB6176700AEF3FC /* TestGrid.swift in Sources */ = {isa = PBXBuildFile; fileRef = 9A80C2272CB6176700AEF3FC /* TestGrid.swift */; };
		9A80C22A2CB6560300AEF3FC /* TestSafeArea.swift in Sources */ = {isa = PBXBuildFile; fileRef = 9A80C2292CB6560300AEF3FC /* TestSafeArea.swift */; };
		9A80C22C2CB7588100AEF3FC /* TestButton.swift in Sources */ = {isa = PBXBuildFile; fileRef = 9A80C22B2CB7588100AEF3FC /* TestButton.swift */; };
		9A80C22E2CB760CB00AEF3FC /* TestExtractView.swift in Sources */ = {isa = PBXBuildFile; fileRef = 9A80C22D2CB760CB00AEF3FC /* TestExtractView.swift */; };
		9AB164B52CB8A9B50082BAE7 /* TestAnimation.swift in Sources */ = {isa = PBXBuildFile; fileRef = 9AB164B42CB8A9B50082BAE7 /* TestAnimation.swift */; };
		9AB164B72CB8B1080082BAE7 /* TestAnimation2.swift in Sources */ = {isa = PBXBuildFile; fileRef = 9AB164B62CB8B1080082BAE7 /* TestAnimation2.swift */; };
		9AB164B92CB8B60A0082BAE7 /* TestPresent.swift in Sources */ = {isa = PBXBuildFile; fileRef = 9AB164B82CB8B60A0082BAE7 /* TestPresent.swift */; };
		9AB164BB2CB8C03E0082BAE7 /* TestCustomPresent.swift in Sources */ = {isa = PBXBuildFile; fileRef = 9AB164BA2CB8C03E0082BAE7 /* TestCustomPresent.swift */; };
		9AD0E1C42CB4C1E200358B0D /* TestUISet.swift in Sources */ = {isa = PBXBuildFile; fileRef = 9AD0E1C32CB4C1E200358B0D /* TestUISet.swift */; };
		9AD0E1C62CB4C49800358B0D /* TestPlatform.swift in Sources */ = {isa = PBXBuildFile; fileRef = 9AD0E1C52CB4C49800358B0D /* TestPlatform.swift */; };
		9AD0E1C82CB4C72400358B0D /* TestVStack.swift in Sources */ = {isa = PBXBuildFile; fileRef = 9AD0E1C72CB4C72400358B0D /* TestVStack.swift */; };
/* End PBXBuildFile section */

/* Begin PBXContainerItemProxy section */
		9A0BD7FE2CAA7E7D00CF76BF /* PBXContainerItemProxy */ = {
			isa = PBXContainerItemProxy;
			containerPortal = 9A0BD7E42CAA7E7C00CF76BF /* Project object */;
			proxyType = 1;
			remoteGlobalIDString = 9A0BD7EB2CAA7E7C00CF76BF;
			remoteInfo = SwiftUIDemo;
		};
		9A0BD8082CAA7E7D00CF76BF /* PBXContainerItemProxy */ = {
			isa = PBXContainerItemProxy;
			containerPortal = 9A0BD7E42CAA7E7C00CF76BF /* Project object */;
			proxyType = 1;
			remoteGlobalIDString = 9A0BD7EB2CAA7E7C00CF76BF;
			remoteInfo = SwiftUIDemo;
		};
/* End PBXContainerItemProxy section */

/* Begin PBXFileReference section */
		9A0BD7EC2CAA7E7C00CF76BF /* SwiftUIDemo.app */ = {isa = PBXFileReference; explicitFileType = wrapper.application; includeInIndex = 0; path = SwiftUIDemo.app; sourceTree = BUILT_PRODUCTS_DIR; };
		9A0BD7EF2CAA7E7C00CF76BF /* SwiftUIDemoApp.swift */ = {isa = PBXFileReference; lastKnownFileType = sourcecode.swift; path = SwiftUIDemoApp.swift; sourceTree = "<group>"; };
		9A0BD7F12CAA7E7C00CF76BF /* TestText.swift */ = {isa = PBXFileReference; lastKnownFileType = sourcecode.swift; path = TestText.swift; sourceTree = "<group>"; };
		9A0BD7F32CAA7E7D00CF76BF /* Assets.xcassets */ = {isa = PBXFileReference; lastKnownFileType = folder.assetcatalog; path = Assets.xcassets; sourceTree = "<group>"; };
		9A0BD7F52CAA7E7D00CF76BF /* SwiftUIDemo.entitlements */ = {isa = PBXFileReference; lastKnownFileType = text.plist.entitlements; path = SwiftUIDemo.entitlements; sourceTree = "<group>"; };
		9A0BD7F72CAA7E7D00CF76BF /* Preview Assets.xcassets */ = {isa = PBXFileReference; lastKnownFileType = folder.assetcatalog; path = "Preview Assets.xcassets"; sourceTree = "<group>"; };
		9A0BD7FD2CAA7E7D00CF76BF /* SwiftUIDemoTests.xctest */ = {isa = PBXFileReference; explicitFileType = wrapper.cfbundle; includeInIndex = 0; path = SwiftUIDemoTests.xctest; sourceTree = BUILT_PRODUCTS_DIR; };
		9A0BD8012CAA7E7D00CF76BF /* SwiftUIDemoTests.swift */ = {isa = PBXFileReference; lastKnownFileType = sourcecode.swift; path = SwiftUIDemoTests.swift; sourceTree = "<group>"; };
		9A0BD8072CAA7E7D00CF76BF /* SwiftUIDemoUITests.xctest */ = {isa = PBXFileReference; explicitFileType = wrapper.cfbundle; includeInIndex = 0; path = SwiftUIDemoUITests.xctest; sourceTree = BUILT_PRODUCTS_DIR; };
		9A0BD80B2CAA7E7D00CF76BF /* SwiftUIDemoUITests.swift */ = {isa = PBXFileReference; lastKnownFileType = sourcecode.swift; path = SwiftUIDemoUITests.swift; sourceTree = "<group>"; };
		9A0BD80D2CAA7E7D00CF76BF /* SwiftUIDemoUITestsLaunchTests.swift */ = {isa = PBXFileReference; lastKnownFileType = sourcecode.swift; path = SwiftUIDemoUITestsLaunchTests.swift; sourceTree = "<group>"; };
		9A0BD81A2CAA839900CF76BF /* TestShape.swift */ = {isa = PBXFileReference; lastKnownFileType = sourcecode.swift; path = TestShape.swift; sourceTree = "<group>"; };
		9A0BD81C2CAA903700CF76BF /* TestGradient.swift */ = {isa = PBXFileReference; lastKnownFileType = sourcecode.swift; path = TestGradient.swift; sourceTree = "<group>"; };
		9A0BD81E2CAA93D100CF76BF /* TestImage.swift */ = {isa = PBXFileReference; lastKnownFileType = sourcecode.swift; path = TestImage.swift; sourceTree = "<group>"; };
		9A80C2232CB60B5800AEF3FC /* TestForEach.swift */ = {isa = PBXFileReference; lastKnownFileType = sourcecode.swift; path = TestForEach.swift; sourceTree = "<group>"; };
		9A80C2252CB612AD00AEF3FC /* TestScrollView.swift */ = {isa = PBXFileReference; lastKnownFileType = sourcecode.swift; path = TestScrollView.swift; sourceTree = "<group>"; };
		9A80C2272CB6176700AEF3FC /* TestGrid.swift */ = {isa = PBXFileReference; lastKnownFileType = sourcecode.swift; path = TestGrid.swift; sourceTree = "<group>"; };
		9A80C2292CB6560300AEF3FC /* TestSafeArea.swift */ = {isa = PBXFileReference; lastKnownFileType = sourcecode.swift; path = TestSafeArea.swift; sourceTree = "<group>"; };
		9A80C22B2CB7588100AEF3FC /* TestButton.swift */ = {isa = PBXFileReference; lastKnownFileType = sourcecode.swift; path = TestButton.swift; sourceTree = "<group>"; };
		9A80C22D2CB760CB00AEF3FC /* TestExtractView.swift */ = {isa = PBXFileReference; lastKnownFileType = sourcecode.swift; path = TestExtractView.swift; sourceTree = "<group>"; };
		9AB164B42CB8A9B50082BAE7 /* TestAnimation.swift */ = {isa = PBXFileReference; lastKnownFileType = sourcecode.swift; path = TestAnimation.swift; sourceTree = "<group>"; };
		9AB164B62CB8B1080082BAE7 /* TestAnimation2.swift */ = {isa = PBXFileReference; lastKnownFileType = sourcecode.swift; path = TestAnimation2.swift; sourceTree = "<group>"; };
		9AB164B82CB8B60A0082BAE7 /* TestPresent.swift */ = {isa = PBXFileReference; lastKnownFileType = sourcecode.swift; path = TestPresent.swift; sourceTree = "<group>"; };
		9AB164BA2CB8C03E0082BAE7 /* TestCustomPresent.swift */ = {isa = PBXFileReference; lastKnownFileType = sourcecode.swift; path = TestCustomPresent.swift; sourceTree = "<group>"; };
		9AD0E1C32CB4C1E200358B0D /* TestUISet.swift */ = {isa = PBXFileReference; lastKnownFileType = sourcecode.swift; path = TestUISet.swift; sourceTree = "<group>"; };
		9AD0E1C52CB4C49800358B0D /* TestPlatform.swift */ = {isa = PBXFileReference; lastKnownFileType = sourcecode.swift; path = TestPlatform.swift; sourceTree = "<group>"; };
		9AD0E1C72CB4C72400358B0D /* TestVStack.swift */ = {isa = PBXFileReference; lastKnownFileType = sourcecode.swift; path = TestVStack.swift; sourceTree = "<group>"; };
/* End PBXFileReference section */

/* Begin PBXFrameworksBuildPhase section */
		9A0BD7E92CAA7E7C00CF76BF /* Frameworks */ = {
			isa = PBXFrameworksBuildPhase;
			buildActionMask = 2147483647;
			files = (
			);
			runOnlyForDeploymentPostprocessing = 0;
		};
		9A0BD7FA2CAA7E7D00CF76BF /* Frameworks */ = {
			isa = PBXFrameworksBuildPhase;
			buildActionMask = 2147483647;
			files = (
			);
			runOnlyForDeploymentPostprocessing = 0;
		};
		9A0BD8042CAA7E7D00CF76BF /* Frameworks */ = {
			isa = PBXFrameworksBuildPhase;
			buildActionMask = 2147483647;
			files = (
			);
			runOnlyForDeploymentPostprocessing = 0;
		};
/* End PBXFrameworksBuildPhase section */

/* Begin PBXGroup section */
		9A0BD7E32CAA7E7C00CF76BF = {
			isa = PBXGroup;
			children = (
				9A0BD7EE2CAA7E7C00CF76BF /* SwiftUIDemo */,
				9A0BD8002CAA7E7D00CF76BF /* SwiftUIDemoTests */,
				9A0BD80A2CAA7E7D00CF76BF /* SwiftUIDemoUITests */,
				9A0BD7ED2CAA7E7C00CF76BF /* Products */,
			);
			sourceTree = "<group>";
		};
		9A0BD7ED2CAA7E7C00CF76BF /* Products */ = {
			isa = PBXGroup;
			children = (
				9A0BD7EC2CAA7E7C00CF76BF /* SwiftUIDemo.app */,
				9A0BD7FD2CAA7E7D00CF76BF /* SwiftUIDemoTests.xctest */,
				9A0BD8072CAA7E7D00CF76BF /* SwiftUIDemoUITests.xctest */,
			);
			name = Products;
			sourceTree = "<group>";
		};
		9A0BD7EE2CAA7E7C00CF76BF /* SwiftUIDemo */ = {
			isa = PBXGroup;
			children = (
				9A0BD7EF2CAA7E7C00CF76BF /* SwiftUIDemoApp.swift */,
				9A0BD7F12CAA7E7C00CF76BF /* TestText.swift */,
				9A0BD81A2CAA839900CF76BF /* TestShape.swift */,
				9A0BD81C2CAA903700CF76BF /* TestGradient.swift */,
				9A0BD81E2CAA93D100CF76BF /* TestImage.swift */,
				9AD0E1C32CB4C1E200358B0D /* TestUISet.swift */,
				9AD0E1C52CB4C49800358B0D /* TestPlatform.swift */,
				9AD0E1C72CB4C72400358B0D /* TestVStack.swift */,
				9A80C2232CB60B5800AEF3FC /* TestForEach.swift */,
				9A80C2252CB612AD00AEF3FC /* TestScrollView.swift */,
				9A80C2272CB6176700AEF3FC /* TestGrid.swift */,
				9A80C2292CB6560300AEF3FC /* TestSafeArea.swift */,
				9A80C22B2CB7588100AEF3FC /* TestButton.swift */,
				9A80C22D2CB760CB00AEF3FC /* TestExtractView.swift */,
				9AB164B42CB8A9B50082BAE7 /* TestAnimation.swift */,
				9AB164B62CB8B1080082BAE7 /* TestAnimation2.swift */,
				9AB164B82CB8B60A0082BAE7 /* TestPresent.swift */,
				9AB164BA2CB8C03E0082BAE7 /* TestCustomPresent.swift */,
				9A0BD7F32CAA7E7D00CF76BF /* Assets.xcassets */,
				9A0BD7F52CAA7E7D00CF76BF /* SwiftUIDemo.entitlements */,
				9A0BD7F62CAA7E7D00CF76BF /* Preview Content */,
			);
			path = SwiftUIDemo;
			sourceTree = "<group>";
		};
		9A0BD7F62CAA7E7D00CF76BF /* Preview Content */ = {
			isa = PBXGroup;
			children = (
				9A0BD7F72CAA7E7D00CF76BF /* Preview Assets.xcassets */,
			);
			path = "Preview Content";
			sourceTree = "<group>";
		};
		9A0BD8002CAA7E7D00CF76BF /* SwiftUIDemoTests */ = {
			isa = PBXGroup;
			children = (
				9A0BD8012CAA7E7D00CF76BF /* SwiftUIDemoTests.swift */,
			);
			path = SwiftUIDemoTests;
			sourceTree = "<group>";
		};
		9A0BD80A2CAA7E7D00CF76BF /* SwiftUIDemoUITests */ = {
			isa = PBXGroup;
			children = (
				9A0BD80B2CAA7E7D00CF76BF /* SwiftUIDemoUITests.swift */,
				9A0BD80D2CAA7E7D00CF76BF /* SwiftUIDemoUITestsLaunchTests.swift */,
			);
			path = SwiftUIDemoUITests;
			sourceTree = "<group>";
		};
/* End PBXGroup section */

/* Begin PBXNativeTarget section */
		9A0BD7EB2CAA7E7C00CF76BF /* SwiftUIDemo */ = {
			isa = PBXNativeTarget;
			buildConfigurationList = 9A0BD8112CAA7E7D00CF76BF /* Build configuration list for PBXNativeTarget "SwiftUIDemo" */;
			buildPhases = (
				9A0BD7E82CAA7E7C00CF76BF /* Sources */,
				9A0BD7E92CAA7E7C00CF76BF /* Frameworks */,
				9A0BD7EA2CAA7E7C00CF76BF /* Resources */,
			);
			buildRules = (
			);
			dependencies = (
			);
			name = SwiftUIDemo;
			productName = SwiftUIDemo;
			productReference = 9A0BD7EC2CAA7E7C00CF76BF /* SwiftUIDemo.app */;
			productType = "com.apple.product-type.application";
		};
		9A0BD7FC2CAA7E7D00CF76BF /* SwiftUIDemoTests */ = {
			isa = PBXNativeTarget;
			buildConfigurationList = 9A0BD8142CAA7E7D00CF76BF /* Build configuration list for PBXNativeTarget "SwiftUIDemoTests" */;
			buildPhases = (
				9A0BD7F92CAA7E7D00CF76BF /* Sources */,
				9A0BD7FA2CAA7E7D00CF76BF /* Frameworks */,
				9A0BD7FB2CAA7E7D00CF76BF /* Resources */,
			);
			buildRules = (
			);
			dependencies = (
				9A0BD7FF2CAA7E7D00CF76BF /* PBXTargetDependency */,
			);
			name = SwiftUIDemoTests;
			productName = SwiftUIDemoTests;
			productReference = 9A0BD7FD2CAA7E7D00CF76BF /* SwiftUIDemoTests.xctest */;
			productType = "com.apple.product-type.bundle.unit-test";
		};
		9A0BD8062CAA7E7D00CF76BF /* SwiftUIDemoUITests */ = {
			isa = PBXNativeTarget;
			buildConfigurationList = 9A0BD8172CAA7E7D00CF76BF /* Build configuration list for PBXNativeTarget "SwiftUIDemoUITests" */;
			buildPhases = (
				9A0BD8032CAA7E7D00CF76BF /* Sources */,
				9A0BD8042CAA7E7D00CF76BF /* Frameworks */,
				9A0BD8052CAA7E7D00CF76BF /* Resources */,
			);
			buildRules = (
			);
			dependencies = (
				9A0BD8092CAA7E7D00CF76BF /* PBXTargetDependency */,
			);
			name = SwiftUIDemoUITests;
			productName = SwiftUIDemoUITests;
			productReference = 9A0BD8072CAA7E7D00CF76BF /* SwiftUIDemoUITests.xctest */;
			productType = "com.apple.product-type.bundle.ui-testing";
		};
/* End PBXNativeTarget section */

/* Begin PBXProject section */
		9A0BD7E42CAA7E7C00CF76BF /* Project object */ = {
			isa = PBXProject;
			attributes = {
				BuildIndependentTargetsInParallel = 1;
				LastSwiftUpdateCheck = 1530;
				LastUpgradeCheck = 1530;
				TargetAttributes = {
					9A0BD7EB2CAA7E7C00CF76BF = {
						CreatedOnToolsVersion = 15.3;
					};
					9A0BD7FC2CAA7E7D00CF76BF = {
						CreatedOnToolsVersion = 15.3;
						TestTargetID = 9A0BD7EB2CAA7E7C00CF76BF;
					};
					9A0BD8062CAA7E7D00CF76BF = {
						CreatedOnToolsVersion = 15.3;
						TestTargetID = 9A0BD7EB2CAA7E7C00CF76BF;
					};
				};
			};
			buildConfigurationList = 9A0BD7E72CAA7E7C00CF76BF /* Build configuration list for PBXProject "SwiftUIDemo" */;
			compatibilityVersion = "Xcode 14.0";
			developmentRegion = en;
			hasScannedForEncodings = 0;
			knownRegions = (
				en,
				Base,
			);
			mainGroup = 9A0BD7E32CAA7E7C00CF76BF;
			productRefGroup = 9A0BD7ED2CAA7E7C00CF76BF /* Products */;
			projectDirPath = "";
			projectRoot = "";
			targets = (
				9A0BD7EB2CAA7E7C00CF76BF /* SwiftUIDemo */,
				9A0BD7FC2CAA7E7D00CF76BF /* SwiftUIDemoTests */,
				9A0BD8062CAA7E7D00CF76BF /* SwiftUIDemoUITests */,
			);
		};
/* End PBXProject section */

/* Begin PBXResourcesBuildPhase section */
		9A0BD7EA2CAA7E7C00CF76BF /* Resources */ = {
			isa = PBXResourcesBuildPhase;
			buildActionMask = 2147483647;
			files = (
				9A0BD7F82CAA7E7D00CF76BF /* Preview Assets.xcassets in Resources */,
				9A0BD7F42CAA7E7D00CF76BF /* Assets.xcassets in Resources */,
			);
			runOnlyForDeploymentPostprocessing = 0;
		};
		9A0BD7FB2CAA7E7D00CF76BF /* Resources */ = {
			isa = PBXResourcesBuildPhase;
			buildActionMask = 2147483647;
			files = (
			);
			runOnlyForDeploymentPostprocessing = 0;
		};
		9A0BD8052CAA7E7D00CF76BF /* Resources */ = {
			isa = PBXResourcesBuildPhase;
			buildActionMask = 2147483647;
			files = (
			);
			runOnlyForDeploymentPostprocessing = 0;
		};
/* End PBXResourcesBuildPhase section */

/* Begin PBXSourcesBuildPhase section */
		9A0BD7E82CAA7E7C00CF76BF /* Sources */ = {
			isa = PBXSourcesBuildPhase;
			buildActionMask = 2147483647;
			files = (
				9A0BD7F22CAA7E7C00CF76BF /* TestText.swift in Sources */,
				9AB164B72CB8B1080082BAE7 /* TestAnimation2.swift in Sources */,
				9AD0E1C62CB4C49800358B0D /* TestPlatform.swift in Sources */,
				9A80C22C2CB7588100AEF3FC /* TestButton.swift in Sources */,
				9A0BD81B2CAA839900CF76BF /* TestShape.swift in Sources */,
				9AB164B92CB8B60A0082BAE7 /* TestPresent.swift in Sources */,
				9AD0E1C42CB4C1E200358B0D /* TestUISet.swift in Sources */,
				9A0BD7F02CAA7E7C00CF76BF /* SwiftUIDemoApp.swift in Sources */,
				9A80C2262CB612AE00AEF3FC /* TestScrollView.swift in Sources */,
				9AB164B52CB8A9B50082BAE7 /* TestAnimation.swift in Sources */,
				9AB164BB2CB8C03E0082BAE7 /* TestCustomPresent.swift in Sources */,
				9A80C22E2CB760CB00AEF3FC /* TestExtractView.swift in Sources */,
				9A0BD81D2CAA903700CF76BF /* TestGradient.swift in Sources */,
				9A0BD81F2CAA93D100CF76BF /* TestImage.swift in Sources */,
				9AD0E1C82CB4C72400358B0D /* TestVStack.swift in Sources */,
				9A80C22A2CB6560300AEF3FC /* TestSafeArea.swift in Sources */,
				9A80C2282CB6176700AEF3FC /* TestGrid.swift in Sources */,
				9A80C2242CB60B5800AEF3FC /* TestForEach.swift in Sources */,
			);
			runOnlyForDeploymentPostprocessing = 0;
		};
		9A0BD7F92CAA7E7D00CF76BF /* Sources */ = {
			isa = PBXSourcesBuildPhase;
			buildActionMask = 2147483647;
			files = (
				9A0BD8022CAA7E7D00CF76BF /* SwiftUIDemoTests.swift in Sources */,
			);
			runOnlyForDeploymentPostprocessing = 0;
		};
		9A0BD8032CAA7E7D00CF76BF /* Sources */ = {
			isa = PBXSourcesBuildPhase;
			buildActionMask = 2147483647;
			files = (
				9A0BD80C2CAA7E7D00CF76BF /* SwiftUIDemoUITests.swift in Sources */,
				9A0BD80E2CAA7E7D00CF76BF /* SwiftUIDemoUITestsLaunchTests.swift in Sources */,
			);
			runOnlyForDeploymentPostprocessing = 0;
		};
/* End PBXSourcesBuildPhase section */

/* Begin PBXTargetDependency section */
		9A0BD7FF2CAA7E7D00CF76BF /* PBXTargetDependency */ = {
			isa = PBXTargetDependency;
			target = 9A0BD7EB2CAA7E7C00CF76BF /* SwiftUIDemo */;
			targetProxy = 9A0BD7FE2CAA7E7D00CF76BF /* PBXContainerItemProxy */;
		};
		9A0BD8092CAA7E7D00CF76BF /* PBXTargetDependency */ = {
			isa = PBXTargetDependency;
			target = 9A0BD7EB2CAA7E7C00CF76BF /* SwiftUIDemo */;
			targetProxy = 9A0BD8082CAA7E7D00CF76BF /* PBXContainerItemProxy */;
		};
/* End PBXTargetDependency section */

/* Begin XCBuildConfiguration section */
		9A0BD80F2CAA7E7D00CF76BF /* Debug */ = {
			isa = XCBuildConfiguration;
			buildSettings = {
				ALWAYS_SEARCH_USER_PATHS = NO;
				ASSETCATALOG_COMPILER_GENERATE_SWIFT_ASSET_SYMBOL_EXTENSIONS = YES;
				CLANG_ANALYZER_NONNULL = YES;
				CLANG_ANALYZER_NUMBER_OBJECT_CONVERSION = YES_AGGRESSIVE;
				CLANG_CXX_LANGUAGE_STANDARD = "gnu++20";
				CLANG_ENABLE_MODULES = YES;
				CLANG_ENABLE_OBJC_ARC = YES;
				CLANG_ENABLE_OBJC_WEAK = YES;
				CLANG_WARN_BLOCK_CAPTURE_AUTORELEASING = YES;
				CLANG_WARN_BOOL_CONVERSION = YES;
				CLANG_WARN_COMMA = YES;
				CLANG_WARN_CONSTANT_CONVERSION = YES;
				CLANG_WARN_DEPRECATED_OBJC_IMPLEMENTATIONS = YES;
				CLANG_WARN_DIRECT_OBJC_ISA_USAGE = YES_ERROR;
				CLANG_WARN_DOCUMENTATION_COMMENTS = YES;
				CLANG_WARN_EMPTY_BODY = YES;
				CLANG_WARN_ENUM_CONVERSION = YES;
				CLANG_WARN_INFINITE_RECURSION = YES;
				CLANG_WARN_INT_CONVERSION = YES;
				CLANG_WARN_NON_LITERAL_NULL_CONVERSION = YES;
				CLANG_WARN_OBJC_IMPLICIT_RETAIN_SELF = YES;
				CLANG_WARN_OBJC_LITERAL_CONVERSION = YES;
				CLANG_WARN_OBJC_ROOT_CLASS = YES_ERROR;
				CLANG_WARN_QUOTED_INCLUDE_IN_FRAMEWORK_HEADER = YES;
				CLANG_WARN_RANGE_LOOP_ANALYSIS = YES;
				CLANG_WARN_STRICT_PROTOTYPES = YES;
				CLANG_WARN_SUSPICIOUS_MOVE = YES;
				CLANG_WARN_UNGUARDED_AVAILABILITY = YES_AGGRESSIVE;
				CLANG_WARN_UNREACHABLE_CODE = YES;
				CLANG_WARN__DUPLICATE_METHOD_MATCH = YES;
				COPY_PHASE_STRIP = NO;
				DEBUG_INFORMATION_FORMAT = dwarf;
				ENABLE_STRICT_OBJC_MSGSEND = YES;
				ENABLE_TESTABILITY = YES;
				ENABLE_USER_SCRIPT_SANDBOXING = YES;
				GCC_C_LANGUAGE_STANDARD = gnu17;
				GCC_DYNAMIC_NO_PIC = NO;
				GCC_NO_COMMON_BLOCKS = YES;
				GCC_OPTIMIZATION_LEVEL = 0;
				GCC_PREPROCESSOR_DEFINITIONS = (
					"DEBUG=1",
					"$(inherited)",
				);
				GCC_WARN_64_TO_32_BIT_CONVERSION = YES;
				GCC_WARN_ABOUT_RETURN_TYPE = YES_ERROR;
				GCC_WARN_UNDECLARED_SELECTOR = YES;
				GCC_WARN_UNINITIALIZED_AUTOS = YES_AGGRESSIVE;
				GCC_WARN_UNUSED_FUNCTION = YES;
				GCC_WARN_UNUSED_VARIABLE = YES;
				LOCALIZATION_PREFERS_STRING_CATALOGS = YES;
				MTL_ENABLE_DEBUG_INFO = INCLUDE_SOURCE;
				MTL_FAST_MATH = YES;
				ONLY_ACTIVE_ARCH = YES;
				SWIFT_ACTIVE_COMPILATION_CONDITIONS = "DEBUG $(inherited)";
				SWIFT_OPTIMIZATION_LEVEL = "-Onone";
			};
			name = Debug;
		};
		9A0BD8102CAA7E7D00CF76BF /* Release */ = {
			isa = XCBuildConfiguration;
			buildSettings = {
				ALWAYS_SEARCH_USER_PATHS = NO;
				ASSETCATALOG_COMPILER_GENERATE_SWIFT_ASSET_SYMBOL_EXTENSIONS = YES;
				CLANG_ANALYZER_NONNULL = YES;
				CLANG_ANALYZER_NUMBER_OBJECT_CONVERSION = YES_AGGRESSIVE;
				CLANG_CXX_LANGUAGE_STANDARD = "gnu++20";
				CLANG_ENABLE_MODULES = YES;
				CLANG_ENABLE_OBJC_ARC = YES;
				CLANG_ENABLE_OBJC_WEAK = YES;
				CLANG_WARN_BLOCK_CAPTURE_AUTORELEASING = YES;
				CLANG_WARN_BOOL_CONVERSION = YES;
				CLANG_WARN_COMMA = YES;
				CLANG_WARN_CONSTANT_CONVERSION = YES;
				CLANG_WARN_DEPRECATED_OBJC_IMPLEMENTATIONS = YES;
				CLANG_WARN_DIRECT_OBJC_ISA_USAGE = YES_ERROR;
				CLANG_WARN_DOCUMENTATION_COMMENTS = YES;
				CLANG_WARN_EMPTY_BODY = YES;
				CLANG_WARN_ENUM_CONVERSION = YES;
				CLANG_WARN_INFINITE_RECURSION = YES;
				CLANG_WARN_INT_CONVERSION = YES;
				CLANG_WARN_NON_LITERAL_NULL_CONVERSION = YES;
				CLANG_WARN_OBJC_IMPLICIT_RETAIN_SELF = YES;
				CLANG_WARN_OBJC_LITERAL_CONVERSION = YES;
				CLANG_WARN_OBJC_ROOT_CLASS = YES_ERROR;
				CLANG_WARN_QUOTED_INCLUDE_IN_FRAMEWORK_HEADER = YES;
				CLANG_WARN_RANGE_LOOP_ANALYSIS = YES;
				CLANG_WARN_STRICT_PROTOTYPES = YES;
				CLANG_WARN_SUSPICIOUS_MOVE = YES;
				CLANG_WARN_UNGUARDED_AVAILABILITY = YES_AGGRESSIVE;
				CLANG_WARN_UNREACHABLE_CODE = YES;
				CLANG_WARN__DUPLICATE_METHOD_MATCH = YES;
				COPY_PHASE_STRIP = NO;
				DEBUG_INFORMATION_FORMAT = "dwarf-with-dsym";
				ENABLE_NS_ASSERTIONS = NO;
				ENABLE_STRICT_OBJC_MSGSEND = YES;
				ENABLE_USER_SCRIPT_SANDBOXING = YES;
				GCC_C_LANGUAGE_STANDARD = gnu17;
				GCC_NO_COMMON_BLOCKS = YES;
				GCC_WARN_64_TO_32_BIT_CONVERSION = YES;
				GCC_WARN_ABOUT_RETURN_TYPE = YES_ERROR;
				GCC_WARN_UNDECLARED_SELECTOR = YES;
				GCC_WARN_UNINITIALIZED_AUTOS = YES_AGGRESSIVE;
				GCC_WARN_UNUSED_FUNCTION = YES;
				GCC_WARN_UNUSED_VARIABLE = YES;
				LOCALIZATION_PREFERS_STRING_CATALOGS = YES;
				MTL_ENABLE_DEBUG_INFO = NO;
				MTL_FAST_MATH = YES;
				SWIFT_COMPILATION_MODE = wholemodule;
			};
			name = Release;
		};
		9A0BD8122CAA7E7D00CF76BF /* Debug */ = {
			isa = XCBuildConfiguration;
			buildSettings = {
				ASSETCATALOG_COMPILER_APPICON_NAME = AppIcon;
				ASSETCATALOG_COMPILER_GLOBAL_ACCENT_COLOR_NAME = AccentColor;
				CODE_SIGN_ENTITLEMENTS = SwiftUIDemo/SwiftUIDemo.entitlements;
				CODE_SIGN_STYLE = Automatic;
				CURRENT_PROJECT_VERSION = 1;
				DEVELOPMENT_ASSET_PATHS = "\"SwiftUIDemo/Preview Content\"";
				DEVELOPMENT_TEAM = 49CKGM97TF;
				ENABLE_HARDENED_RUNTIME = YES;
				ENABLE_PREVIEWS = YES;
				GENERATE_INFOPLIST_FILE = YES;
				"INFOPLIST_KEY_UIApplicationSceneManifest_Generation[sdk=iphoneos*]" = YES;
				"INFOPLIST_KEY_UIApplicationSceneManifest_Generation[sdk=iphonesimulator*]" = YES;
				"INFOPLIST_KEY_UIApplicationSupportsIndirectInputEvents[sdk=iphoneos*]" = YES;
				"INFOPLIST_KEY_UIApplicationSupportsIndirectInputEvents[sdk=iphonesimulator*]" = YES;
				"INFOPLIST_KEY_UILaunchScreen_Generation[sdk=iphoneos*]" = YES;
				"INFOPLIST_KEY_UILaunchScreen_Generation[sdk=iphonesimulator*]" = YES;
				"INFOPLIST_KEY_UIStatusBarStyle[sdk=iphoneos*]" = UIStatusBarStyleDefault;
				"INFOPLIST_KEY_UIStatusBarStyle[sdk=iphonesimulator*]" = UIStatusBarStyleDefault;
				INFOPLIST_KEY_UISupportedInterfaceOrientations_iPad = "UIInterfaceOrientationPortrait UIInterfaceOrientationPortraitUpsideDown UIInterfaceOrientationLandscapeLeft UIInterfaceOrientationLandscapeRight";
				INFOPLIST_KEY_UISupportedInterfaceOrientations_iPhone = "UIInterfaceOrientationPortrait UIInterfaceOrientationLandscapeLeft UIInterfaceOrientationLandscapeRight";
				IPHONEOS_DEPLOYMENT_TARGET = 14.0;
				LD_RUNPATH_SEARCH_PATHS = "@executable_path/Frameworks";
				"LD_RUNPATH_SEARCH_PATHS[sdk=macosx*]" = "@executable_path/../Frameworks";
				MACOSX_DEPLOYMENT_TARGET = 12.0;
				MARKETING_VERSION = 1.0;
				PRODUCT_BUNDLE_IDENTIFIER = com.aithinker.test.SwiftUIDemo;
				PRODUCT_NAME = "$(TARGET_NAME)";
				SDKROOT = auto;
				SUPPORTED_PLATFORMS = "iphoneos iphonesimulator macosx";
				SWIFT_EMIT_LOC_STRINGS = YES;
				SWIFT_VERSION = 5.0;
				TARGETED_DEVICE_FAMILY = "1,2";
			};
			name = Debug;
		};
		9A0BD8132CAA7E7D00CF76BF /* Release */ = {
			isa = XCBuildConfiguration;
			buildSettings = {
				ASSETCATALOG_COMPILER_APPICON_NAME = AppIcon;
				ASSETCATALOG_COMPILER_GLOBAL_ACCENT_COLOR_NAME = AccentColor;
				CODE_SIGN_ENTITLEMENTS = SwiftUIDemo/SwiftUIDemo.entitlements;
				CODE_SIGN_STYLE = Automatic;
				CURRENT_PROJECT_VERSION = 1;
				DEVELOPMENT_ASSET_PATHS = "\"SwiftUIDemo/Preview Content\"";
				DEVELOPMENT_TEAM = 49CKGM97TF;
				ENABLE_HARDENED_RUNTIME = YES;
				ENABLE_PREVIEWS = YES;
				GENERATE_INFOPLIST_FILE = YES;
				"INFOPLIST_KEY_UIApplicationSceneManifest_Generation[sdk=iphoneos*]" = YES;
				"INFOPLIST_KEY_UIApplicationSceneManifest_Generation[sdk=iphonesimulator*]" = YES;
				"INFOPLIST_KEY_UIApplicationSupportsIndirectInputEvents[sdk=iphoneos*]" = YES;
				"INFOPLIST_KEY_UIApplicationSupportsIndirectInputEvents[sdk=iphonesimulator*]" = YES;
				"INFOPLIST_KEY_UILaunchScreen_Generation[sdk=iphoneos*]" = YES;
				"INFOPLIST_KEY_UILaunchScreen_Generation[sdk=iphonesimulator*]" = YES;
				"INFOPLIST_KEY_UIStatusBarStyle[sdk=iphoneos*]" = UIStatusBarStyleDefault;
				"INFOPLIST_KEY_UIStatusBarStyle[sdk=iphonesimulator*]" = UIStatusBarStyleDefault;
				INFOPLIST_KEY_UISupportedInterfaceOrientations_iPad = "UIInterfaceOrientationPortrait UIInterfaceOrientationPortraitUpsideDown UIInterfaceOrientationLandscapeLeft UIInterfaceOrientationLandscapeRight";
				INFOPLIST_KEY_UISupportedInterfaceOrientations_iPhone = "UIInterfaceOrientationPortrait UIInterfaceOrientationLandscapeLeft UIInterfaceOrientationLandscapeRight";
				IPHONEOS_DEPLOYMENT_TARGET = 14.0;
				LD_RUNPATH_SEARCH_PATHS = "@executable_path/Frameworks";
				"LD_RUNPATH_SEARCH_PATHS[sdk=macosx*]" = "@executable_path/../Frameworks";
				MACOSX_DEPLOYMENT_TARGET = 12.0;
				MARKETING_VERSION = 1.0;
				PRODUCT_BUNDLE_IDENTIFIER = com.aithinker.test.SwiftUIDemo;
				PRODUCT_NAME = "$(TARGET_NAME)";
				SDKROOT = auto;
				SUPPORTED_PLATFORMS = "iphoneos iphonesimulator macosx";
				SWIFT_EMIT_LOC_STRINGS = YES;
				SWIFT_VERSION = 5.0;
				TARGETED_DEVICE_FAMILY = "1,2";
			};
			name = Release;
		};
		9A0BD8152CAA7E7D00CF76BF /* Debug */ = {
			isa = XCBuildConfiguration;
			buildSettings = {
				ALWAYS_EMBED_SWIFT_STANDARD_LIBRARIES = YES;
				BUNDLE_LOADER = "$(TEST_HOST)";
				CODE_SIGN_STYLE = Automatic;
				CURRENT_PROJECT_VERSION = 1;
				DEVELOPMENT_TEAM = 49CKGM97TF;
				GENERATE_INFOPLIST_FILE = YES;
				IPHONEOS_DEPLOYMENT_TARGET = 17.4;
				MACOSX_DEPLOYMENT_TARGET = 14.2;
				MARKETING_VERSION = 1.0;
				PRODUCT_BUNDLE_IDENTIFIER = com.aithinker.test.SwiftUIDemoTests;
				PRODUCT_NAME = "$(TARGET_NAME)";
				SDKROOT = auto;
				SUPPORTED_PLATFORMS = "iphoneos iphonesimulator macosx";
				SWIFT_EMIT_LOC_STRINGS = NO;
				SWIFT_VERSION = 5.0;
				TARGETED_DEVICE_FAMILY = "1,2";
				TEST_HOST = "$(BUILT_PRODUCTS_DIR)/SwiftUIDemo.app/$(BUNDLE_EXECUTABLE_FOLDER_PATH)/SwiftUIDemo";
			};
			name = Debug;
		};
		9A0BD8162CAA7E7D00CF76BF /* Release */ = {
			isa = XCBuildConfiguration;
			buildSettings = {
				ALWAYS_EMBED_SWIFT_STANDARD_LIBRARIES = YES;
				BUNDLE_LOADER = "$(TEST_HOST)";
				CODE_SIGN_STYLE = Automatic;
				CURRENT_PROJECT_VERSION = 1;
				DEVELOPMENT_TEAM = 49CKGM97TF;
				GENERATE_INFOPLIST_FILE = YES;
				IPHONEOS_DEPLOYMENT_TARGET = 17.4;
				MACOSX_DEPLOYMENT_TARGET = 14.2;
				MARKETING_VERSION = 1.0;
				PRODUCT_BUNDLE_IDENTIFIER = com.aithinker.test.SwiftUIDemoTests;
				PRODUCT_NAME = "$(TARGET_NAME)";
				SDKROOT = auto;
				SUPPORTED_PLATFORMS = "iphoneos iphonesimulator macosx";
				SWIFT_EMIT_LOC_STRINGS = NO;
				SWIFT_VERSION = 5.0;
				TARGETED_DEVICE_FAMILY = "1,2";
				TEST_HOST = "$(BUILT_PRODUCTS_DIR)/SwiftUIDemo.app/$(BUNDLE_EXECUTABLE_FOLDER_PATH)/SwiftUIDemo";
			};
			name = Release;
		};
		9A0BD8182CAA7E7D00CF76BF /* Debug */ = {
			isa = XCBuildConfiguration;
			buildSettings = {
				ALWAYS_EMBED_SWIFT_STANDARD_LIBRARIES = YES;
				CODE_SIGN_STYLE = Automatic;
				CURRENT_PROJECT_VERSION = 1;
				DEVELOPMENT_TEAM = 49CKGM97TF;
				GENERATE_INFOPLIST_FILE = YES;
				IPHONEOS_DEPLOYMENT_TARGET = 17.4;
				MACOSX_DEPLOYMENT_TARGET = 14.2;
				MARKETING_VERSION = 1.0;
				PRODUCT_BUNDLE_IDENTIFIER = com.aithinker.test.SwiftUIDemoUITests;
				PRODUCT_NAME = "$(TARGET_NAME)";
				SDKROOT = auto;
				SUPPORTED_PLATFORMS = "iphoneos iphonesimulator macosx";
				SWIFT_EMIT_LOC_STRINGS = NO;
				SWIFT_VERSION = 5.0;
				TARGETED_DEVICE_FAMILY = "1,2";
				TEST_TARGET_NAME = SwiftUIDemo;
			};
			name = Debug;
		};
		9A0BD8192CAA7E7D00CF76BF /* Release */ = {
			isa = XCBuildConfiguration;
			buildSettings = {
				ALWAYS_EMBED_SWIFT_STANDARD_LIBRARIES = YES;
				CODE_SIGN_STYLE = Automatic;
				CURRENT_PROJECT_VERSION = 1;
				DEVELOPMENT_TEAM = 49CKGM97TF;
				GENERATE_INFOPLIST_FILE = YES;
				IPHONEOS_DEPLOYMENT_TARGET = 17.4;
				MACOSX_DEPLOYMENT_TARGET = 14.2;
				MARKETING_VERSION = 1.0;
				PRODUCT_BUNDLE_IDENTIFIER = com.aithinker.test.SwiftUIDemoUITests;
				PRODUCT_NAME = "$(TARGET_NAME)";
				SDKROOT = auto;
				SUPPORTED_PLATFORMS = "iphoneos iphonesimulator macosx";
				SWIFT_EMIT_LOC_STRINGS = NO;
				SWIFT_VERSION = 5.0;
				TARGETED_DEVICE_FAMILY = "1,2";
				TEST_TARGET_NAME = SwiftUIDemo;
			};
			name = Release;
		};
/* End XCBuildConfiguration section */

/* Begin XCConfigurationList section */
		9A0BD7E72CAA7E7C00CF76BF /* Build configuration list for PBXProject "SwiftUIDemo" */ = {
			isa = XCConfigurationList;
			buildConfigurations = (
				9A0BD80F2CAA7E7D00CF76BF /* Debug */,
				9A0BD8102CAA7E7D00CF76BF /* Release */,
			);
			defaultConfigurationIsVisible = 0;
			defaultConfigurationName = Release;
		};
		9A0BD8112CAA7E7D00CF76BF /* Build configuration list for PBXNativeTarget "SwiftUIDemo" */ = {
			isa = XCConfigurationList;
			buildConfigurations = (
				9A0BD8122CAA7E7D00CF76BF /* Debug */,
				9A0BD8132CAA7E7D00CF76BF /* Release */,
			);
			defaultConfigurationIsVisible = 0;
			defaultConfigurationName = Release;
		};
		9A0BD8142CAA7E7D00CF76BF /* Build configuration list for PBXNativeTarget "SwiftUIDemoTests" */ = {
			isa = XCConfigurationList;
			buildConfigurations = (
				9A0BD8152CAA7E7D00CF76BF /* Debug */,
				9A0BD8162CAA7E7D00CF76BF /* Release */,
			);
			defaultConfigurationIsVisible = 0;
			defaultConfigurationName = Release;
		};
		9A0BD8172CAA7E7D00CF76BF /* Build configuration list for PBXNativeTarget "SwiftUIDemoUITests" */ = {
			isa = XCConfigurationList;
			buildConfigurations = (
				9A0BD8182CAA7E7D00CF76BF /* Debug */,
				9A0BD8192CAA7E7D00CF76BF /* Release */,
			);
			defaultConfigurationIsVisible = 0;
			defaultConfigurationName = Release;
		};
/* End XCConfigurationList section */
	};
	rootObject = 9A0BD7E42CAA7E7C00CF76BF /* Project object */;
}
